
Microsoft Visual Studio Solution File, Format Version 12.00
# Visual Studio 15
VisualStudioVersion = 15.0.26730.8
MinimumVisualStudioVersion = 10.0.40219.1
Project("{FAE04EC0-301F-11D3-BF4B-00C04F79EFBC}") = "Bot", "Bot\Bot.csproj", "{8D1D6CBE-C5B3-4581-ACE9-37940279049B}"
EndProject
Project("{FAE04EC0-301F-11D3-BF4B-00C04F79EFBC}") = "BotConsole", "BotConsole\BotConsole.csproj", "{AF32A4D1-1726-40E1-87FD-F77A8C195109}"
EndProject
Global
	GlobalSection(SolutionConfigurationPlatforms) = preSolution
		Debug|Any CPU = Debug|Any CPU
		Release|Any CPU = Release|Any CPU
	EndGlobalSection
	GlobalSection(ProjectConfigurationPlatforms) = postSolution
		{8D1D6CBE-C5B3-4581-ACE9-37940279049B}.Debug|Any CPU.ActiveCfg = Debug|Any CPU
		{8D1D6CBE-C5B3-4581-ACE9-37940279049B}.Debug|Any CPU.Build.0 = Debug|Any CPU
		{8D1D6CBE-C5B3-4581-ACE9-37940279049B}.Release|Any CPU.ActiveCfg = Release|Any CPU
		{8D1D6CBE-C5B3-4581-ACE9-37940279049B}.Release|Any CPU.Build.0 = Release|Any CPU
		{AF32A4D1-1726-40E1-87FD-F77A8C195109}.Debug|Any CPU.ActiveCfg = Debug|Any CPU
		{AF32A4D1-1726-40E1-87FD-F77A8C195109}.Debug|Any CPU.Build.0 = Debug|Any CPU
		{AF32A4D1-1726-40E1-87FD-F77A8C195109}.Release|Any CPU.ActiveCfg = Release|Any CPU
		{AF32A4D1-1726-40E1-87FD-F77A8C195109}.Release|Any CPU.Build.0 = Release|Any CPU
	EndGlobalSection
	GlobalSection(SolutionProperties) = preSolution
		HideSolutionNode = FALSE
	EndGlobalSection
	GlobalSection(ExtensibilityGlobals) = postSolution
		SolutionGuid = {16DCAC26-59F5-4234-92FA-22F87EE443AD}
	EndGlobalSection
EndGlobal
